
Microsoft Visual Studio Solution File, Format Version 12.00
# Visual Studio Version 17
VisualStudioVersion = 17.8.34408.163
MinimumVisualStudioVersion = 10.0.40219.1
Project("{FAE04EC0-301F-11D3-BF4B-00C04F79EFBC}") = "Clothes_Shop", "Clothes_Shop\Clothes_Shop.csproj", "{F7692E0E-406E-45F9-BCEC-7DDA68A82C6D}"
EndProject
Global
	GlobalSection(SolutionConfigurationPlatforms) = preSolution
		Debug|Any CPU = Debug|Any CPU
		Release|Any CPU = Release|Any CPU
	EndGlobalSection
	GlobalSection(ProjectConfigurationPlatforms) = postSolution
		{F7692E0E-406E-45F9-BCEC-7DDA68A82C6D}.Debug|Any CPU.ActiveCfg = Debug|Any CPU
		{F7692E0E-406E-45F9-BCEC-7DDA68A82C6D}.Debug|Any CPU.Build.0 = Debug|Any CPU
		{F7692E0E-406E-45F9-BCEC-7DDA68A82C6D}.Release|Any CPU.ActiveCfg = Release|Any CPU
		{F7692E0E-406E-45F9-BCEC-7DDA68A82C6D}.Release|Any CPU.Build.0 = Release|Any CPU
	EndGlobalSection
	GlobalSection(SolutionProperties) = preSolution
		HideSolutionNode = FALSE
	EndGlobalSection
	GlobalSection(ExtensibilityGlobals) = postSolution
		SolutionGuid = {C300B9EA-8637-4775-93B1-9D30774FD760}
	EndGlobalSection
EndGlobal
